
Microsoft Visual Studio Solution File, Format Version 12.00
# Visual Studio 15
VisualStudioVersion = 15.0.26124.0
MinimumVisualStudioVersion = 15.0.26124.0
Project("{F2A71F9B-5D33-465A-A702-920D77279786}") = "Brainfuck.Interpreter", "Brainfuck.Interpreter\Brainfuck.Interpreter.fsproj", "{B849C32F-42D1-4FF8-8245-38DE71BE5F76}"
EndProject
Project("{F2A71F9B-5D33-465A-A702-920D77279786}") = "Brainfuck.Tests", "Brainfuck.Tests\Brainfuck.Tests.fsproj", "{FE53011D-6C74-4DA8-9855-5D2D7E8BB227}"
EndProject
Global
	GlobalSection(SolutionConfigurationPlatforms) = preSolution
		Debug|Any CPU = Debug|Any CPU
		Debug|x64 = Debug|x64
		Debug|x86 = Debug|x86
		Release|Any CPU = Release|Any CPU
		Release|x64 = Release|x64
		Release|x86 = Release|x86
	EndGlobalSection
	GlobalSection(SolutionProperties) = preSolution
		HideSolutionNode = FALSE
	EndGlobalSection
	GlobalSection(ProjectConfigurationPlatforms) = postSolution
		{B849C32F-42D1-4FF8-8245-38DE71BE5F76}.Debug|Any CPU.ActiveCfg = Debug|Any CPU
		{B849C32F-42D1-4FF8-8245-38DE71BE5F76}.Debug|Any CPU.Build.0 = Debug|Any CPU
		{B849C32F-42D1-4FF8-8245-38DE71BE5F76}.Debug|x64.ActiveCfg = Debug|Any CPU
		{B849C32F-42D1-4FF8-8245-38DE71BE5F76}.Debug|x64.Build.0 = Debug|Any CPU
		{B849C32F-42D1-4FF8-8245-38DE71BE5F76}.Debug|x86.ActiveCfg = Debug|Any CPU
		{B849C32F-42D1-4FF8-8245-38DE71BE5F76}.Debug|x86.Build.0 = Debug|Any CPU
		{B849C32F-42D1-4FF8-8245-38DE71BE5F76}.Release|Any CPU.ActiveCfg = Release|Any CPU
		{B849C32F-42D1-4FF8-8245-38DE71BE5F76}.Release|Any CPU.Build.0 = Release|Any CPU
		{B849C32F-42D1-4FF8-8245-38DE71BE5F76}.Release|x64.ActiveCfg = Release|Any CPU
		{B849C32F-42D1-4FF8-8245-38DE71BE5F76}.Release|x64.Build.0 = Release|Any CPU
		{B849C32F-42D1-4FF8-8245-38DE71BE5F76}.Release|x86.ActiveCfg = Release|Any CPU
		{B849C32F-42D1-4FF8-8245-38DE71BE5F76}.Release|x86.Build.0 = Release|Any CPU
		{FE53011D-6C74-4DA8-9855-5D2D7E8BB227}.Debug|Any CPU.ActiveCfg = Debug|Any CPU
		{FE53011D-6C74-4DA8-9855-5D2D7E8BB227}.Debug|Any CPU.Build.0 = Debug|Any CPU
		{FE53011D-6C74-4DA8-9855-5D2D7E8BB227}.Debug|x64.ActiveCfg = Debug|Any CPU
		{FE53011D-6C74-4DA8-9855-5D2D7E8BB227}.Debug|x64.Build.0 = Debug|Any CPU
		{FE53011D-6C74-4DA8-9855-5D2D7E8BB227}.Debug|x86.ActiveCfg = Debug|Any CPU
		{FE53011D-6C74-4DA8-9855-5D2D7E8BB227}.Debug|x86.Build.0 = Debug|Any CPU
		{FE53011D-6C74-4DA8-9855-5D2D7E8BB227}.Release|Any CPU.ActiveCfg = Release|Any CPU
		{FE53011D-6C74-4DA8-9855-5D2D7E8BB227}.Release|Any CPU.Build.0 = Release|Any CPU
		{FE53011D-6C74-4DA8-9855-5D2D7E8BB227}.Release|x64.ActiveCfg = Release|Any CPU
		{FE53011D-6C74-4DA8-9855-5D2D7E8BB227}.Release|x64.Build.0 = Release|Any CPU
		{FE53011D-6C74-4DA8-9855-5D2D7E8BB227}.Release|x86.ActiveCfg = Release|Any CPU
		{FE53011D-6C74-4DA8-9855-5D2D7E8BB227}.Release|x86.Build.0 = Release|Any CPU
	EndGlobalSection
EndGlobal
